
Microsoft Visual Studio Solution File, Format Version 12.00
# Visual Studio 15
VisualStudioVersion = 15.0.28307.421
MinimumVisualStudioVersion = 10.0.40219.1
Project("{FAE04EC0-301F-11D3-BF4B-00C04F79EFBC}") = "AhorcadoService", "AhorcadoService\AhorcadoService.csproj", "{F4E51F40-8518-4783-ABD7-9C7CF76A8446}"
EndProject
Project("{2150E333-8FDC-42A3-9474-1A3956D46DE8}") = "Solution Items", "Solution Items", "{871D007D-2861-4572-9168-54E59C435027}"
EndProject
Project("{FAE04EC0-301F-11D3-BF4B-00C04F79EFBC}") = "AhorcadoForm", "AhorcadoForm\AhorcadoForm.csproj", "{613FCC10-1C56-4513-B5ED-E24906D47560}"
EndProject
Global
	GlobalSection(SolutionConfigurationPlatforms) = preSolution
		Debug|Any CPU = Debug|Any CPU
		Release|Any CPU = Release|Any CPU
	EndGlobalSection
	GlobalSection(ProjectConfigurationPlatforms) = postSolution
		{F4E51F40-8518-4783-ABD7-9C7CF76A8446}.Debug|Any CPU.ActiveCfg = Debug|Any CPU
		{F4E51F40-8518-4783-ABD7-9C7CF76A8446}.Debug|Any CPU.Build.0 = Debug|Any CPU
		{F4E51F40-8518-4783-ABD7-9C7CF76A8446}.Release|Any CPU.ActiveCfg = Release|Any CPU
		{F4E51F40-8518-4783-ABD7-9C7CF76A8446}.Release|Any CPU.Build.0 = Release|Any CPU
		{613FCC10-1C56-4513-B5ED-E24906D47560}.Debug|Any CPU.ActiveCfg = Debug|Any CPU
		{613FCC10-1C56-4513-B5ED-E24906D47560}.Debug|Any CPU.Build.0 = Debug|Any CPU
		{613FCC10-1C56-4513-B5ED-E24906D47560}.Release|Any CPU.ActiveCfg = Release|Any CPU
		{613FCC10-1C56-4513-B5ED-E24906D47560}.Release|Any CPU.Build.0 = Release|Any CPU
	EndGlobalSection
	GlobalSection(SolutionProperties) = preSolution
		HideSolutionNode = FALSE
	EndGlobalSection
	GlobalSection(ExtensibilityGlobals) = postSolution
		SolutionGuid = {69F9CDDF-9A8B-4111-AD8D-ECC1C23B7120}
	EndGlobalSection
EndGlobal
